
Microsoft Visual Studio Solution File, Format Version 12.00
# Visual Studio 15
VisualStudioVersion = 15.0.28010.2050
MinimumVisualStudioVersion = 10.0.40219.1
Project("{FAE04EC0-301F-11D3-BF4B-00C04F79EFBC}") = "Game", "Game\Game.csproj", "{9DE8B1FC-0347-4A59-BC96-F975794CB6AD}"
EndProject
Project("{FAE04EC0-301F-11D3-BF4B-00C04F79EFBC}") = "Utilities", "Utils\Utilities.csproj", "{1519BB4B-2116-4C8A-B967-7334DC81EFBF}"
EndProject
Global
	GlobalSection(SolutionConfigurationPlatforms) = preSolution
		Debug|Any CPU = Debug|Any CPU
		Release|Any CPU = Release|Any CPU
	EndGlobalSection
	GlobalSection(ProjectConfigurationPlatforms) = postSolution
		{9DE8B1FC-0347-4A59-BC96-F975794CB6AD}.Debug|Any CPU.ActiveCfg = Debug|Any CPU
		{9DE8B1FC-0347-4A59-BC96-F975794CB6AD}.Debug|Any CPU.Build.0 = Debug|Any CPU
		{9DE8B1FC-0347-4A59-BC96-F975794CB6AD}.Release|Any CPU.ActiveCfg = Release|Any CPU
		{9DE8B1FC-0347-4A59-BC96-F975794CB6AD}.Release|Any CPU.Build.0 = Release|Any CPU
		{1519BB4B-2116-4C8A-B967-7334DC81EFBF}.Debug|Any CPU.ActiveCfg = Debug|Any CPU
		{1519BB4B-2116-4C8A-B967-7334DC81EFBF}.Debug|Any CPU.Build.0 = Debug|Any CPU
		{1519BB4B-2116-4C8A-B967-7334DC81EFBF}.Release|Any CPU.ActiveCfg = Release|Any CPU
		{1519BB4B-2116-4C8A-B967-7334DC81EFBF}.Release|Any CPU.Build.0 = Release|Any CPU
	EndGlobalSection
	GlobalSection(SolutionProperties) = preSolution
		HideSolutionNode = FALSE
	EndGlobalSection
	GlobalSection(ExtensibilityGlobals) = postSolution
		SolutionGuid = {033F00CB-553E-4DE0-8566-DB2D432E1C62}
	EndGlobalSection
EndGlobal
